
Microsoft Visual Studio Solution File, Format Version 12.00
# Visual Studio Version 17
VisualStudioVersion = 17.13.35828.75 d17.13
MinimumVisualStudioVersion = 10.0.40219.1
Project("{FAE04EC0-301F-11D3-BF4B-00C04F79EFBC}") = "KASHOP.PL", "KASHOP.PL\KASHOP.PL.csproj", "{17FB69B6-6090-4E5E-AE4E-308E5D7EBBDD}"
EndProject
Project("{FAE04EC0-301F-11D3-BF4B-00C04F79EFBC}") = "KASHOP.BBL", "KASHOP.BBL\KASHOP.BBL.csproj", "{0124D332-7736-4694-AE47-EE0FA08FACBF}"
EndProject
Project("{FAE04EC0-301F-11D3-BF4B-00C04F79EFBC}") = "KASHOP.DAL", "KASHOP.DAL\KASHOP.DAL.csproj", "{387393C2-C98C-4454-821D-0E442815DF03}"
EndProject
Global
	GlobalSection(SolutionConfigurationPlatforms) = preSolution
		Debug|Any CPU = Debug|Any CPU
		Release|Any CPU = Release|Any CPU
	EndGlobalSection
	GlobalSection(ProjectConfigurationPlatforms) = postSolution
		{17FB69B6-6090-4E5E-AE4E-308E5D7EBBDD}.Debug|Any CPU.ActiveCfg = Debug|Any CPU
		{17FB69B6-6090-4E5E-AE4E-308E5D7EBBDD}.Debug|Any CPU.Build.0 = Debug|Any CPU
		{17FB69B6-6090-4E5E-AE4E-308E5D7EBBDD}.Release|Any CPU.ActiveCfg = Release|Any CPU
		{17FB69B6-6090-4E5E-AE4E-308E5D7EBBDD}.Release|Any CPU.Build.0 = Release|Any CPU
		{0124D332-7736-4694-AE47-EE0FA08FACBF}.Debug|Any CPU.ActiveCfg = Debug|Any CPU
		{0124D332-7736-4694-AE47-EE0FA08FACBF}.Debug|Any CPU.Build.0 = Debug|Any CPU
		{0124D332-7736-4694-AE47-EE0FA08FACBF}.Release|Any CPU.ActiveCfg = Release|Any CPU
		{0124D332-7736-4694-AE47-EE0FA08FACBF}.Release|Any CPU.Build.0 = Release|Any CPU
		{387393C2-C98C-4454-821D-0E442815DF03}.Debug|Any CPU.ActiveCfg = Debug|Any CPU
		{387393C2-C98C-4454-821D-0E442815DF03}.Debug|Any CPU.Build.0 = Debug|Any CPU
		{387393C2-C98C-4454-821D-0E442815DF03}.Release|Any CPU.ActiveCfg = Release|Any CPU
		{387393C2-C98C-4454-821D-0E442815DF03}.Release|Any CPU.Build.0 = Release|Any CPU
	EndGlobalSection
	GlobalSection(SolutionProperties) = preSolution
		HideSolutionNode = FALSE
	EndGlobalSection
	GlobalSection(ExtensibilityGlobals) = postSolution
		SolutionGuid = {7EFF4162-A74D-47A4-9695-60415B108903}
	EndGlobalSection
EndGlobal
